{
  "name": "react-mixout-listen",
  "version": "0.5.4",
  "lockfileVersion": 1,
  "dependencies": {
    "@types/react": {
      "version": "15.0.34",
      "resolved": "https://registry.npmjs.org/@types/react/-/react-15.0.34.tgz",
      "integrity": "sha512-BDSzuTYvOJAknO4qSIFb1Y0+BREhwhBDNMrVAu8JPRjosc94jBQJwIZ++H9uK6EInKIrk0PxNVstmwT02H7E/A=="
    },
    "react-mixout": {
      "version": "0.5.4",
      "resolved": "https://registry.npmjs.org/react-mixout/-/react-mixout-0.5.4.tgz",
      "integrity": "sha1-cWIVoQSHiIZCoTqYBiLEcT/Iry0="
    },
    "typescript": {
      "version": "https://registry.npmjs.org/typescript/-/typescript-2.3.2.tgz",
      "integrity": "sha1-8PBF4Zb2mnLwayX9O9OdAcPOmYQ=",
      "dev": true
    }
  }
}
