{
  "requires": true,
  "lockfileVersion": 1,
  "dependencies": {
    "@types/react": {
      "version": "16.0.22",
      "resolved": "https://registry.npmjs.org/@types/react/-/react-16.0.22.tgz",
      "integrity": "sha512-d8STysuhEgZ3MxMqY8PlTcUj2aJljBtQ+94SixlQdFgP3c5gh0fBBW5r73RxHuZqKohYvHb9nNbqGQfco7ReoQ=="
    },
    "typescript": {
      "version": "2.6.1",
      "resolved": "https://registry.npmjs.org/typescript/-/typescript-2.6.1.tgz",
      "integrity": "sha1-7znN6ierrAtQAkLWcmq5DgyEZjE="
    }
  }
}
